
Microsoft Visual Studio Solution File, Format Version 12.00
# Visual Studio Version 16
VisualStudioVersion = 16.0.30717.126
MinimumVisualStudioVersion = 10.0.40219.1
Project("{FAE04EC0-301F-11D3-BF4B-00C04F79EFBC}") = "gestion_clients", "gestion_clients.csproj", "{BAC7F6BA-47F2-4E3D-978E-B919F7A5DBB9}"
EndProject
Global
	GlobalSection(SolutionConfigurationPlatforms) = preSolution
		Debug|Any CPU = Debug|Any CPU
		Release|Any CPU = Release|Any CPU
	EndGlobalSection
	GlobalSection(ProjectConfigurationPlatforms) = postSolution
		{BAC7F6BA-47F2-4E3D-978E-B919F7A5DBB9}.Debug|Any CPU.ActiveCfg = Debug|Any CPU
		{BAC7F6BA-47F2-4E3D-978E-B919F7A5DBB9}.Debug|Any CPU.Build.0 = Debug|Any CPU
		{BAC7F6BA-47F2-4E3D-978E-B919F7A5DBB9}.Release|Any CPU.ActiveCfg = Release|Any CPU
		{BAC7F6BA-47F2-4E3D-978E-B919F7A5DBB9}.Release|Any CPU.Build.0 = Release|Any CPU
	EndGlobalSection
	GlobalSection(SolutionProperties) = preSolution
		HideSolutionNode = FALSE
	EndGlobalSection
	GlobalSection(ExtensibilityGlobals) = postSolution
		SolutionGuid = {8C27CCAE-7E81-4C4C-B6C5-35999927F04A}
	EndGlobalSection
EndGlobal
